{
  "version": 4,
  "terraform_version": "1.9.6",
  "serial": 12,
  "lineage": "03089308-01b5-6314-487f-330d0e7d916b",
  "outputs": {},
  "resources": [
    {
      "mode": "managed",
      "type": "local_file",
      "name": "tf_example_1",
      "provider": "provider[\"registry.terraform.io/hashicorp/local\"]",
      "instances": [
        {
          "schema_version": 0,
          "attributes": {
            "content": "Adit is a good boy!!",
            "content_base64": null,
            "content_base64sha256": "PI2EvH07i1mj6z2UeRc2j0fpErGXAuMzKguJgTEanBo=",
            "content_base64sha512": "j4bAsXxZYVdsUjQVbZMH60INJ/m6ryHdREjcQLB1DrnXg03cavrPq5eeIUjo1a3igF/E68YIJXse7m8da8XHpw==",
            "content_md5": "7cd5a3c17b1f4f741b7859517b32aed2",
            "content_sha1": "51635c512906d6144998daf44238a51b8e816f5a",
            "content_sha256": "3c8d84bc7d3b8b59a3eb3d947917368f47e912b19702e3332a0b8981311a9c1a",
            "content_sha512": "8f86c0b17c5961576c5234156d9307eb420d27f9baaf21dd4448dc40b0750eb9d7834ddc6afacfab979e2148e8d5ade2805fc4ebc608257b1eee6f1d6bc5c7a7",
            "directory_permission": "0777",
            "file_permission": "0777",
            "filename": "./example.txt",
            "id": "51635c512906d6144998daf44238a51b8e816f5a",
            "sensitive_content": null,
            "source": null
          },
          "sensitive_attributes": [
            [
              {
                "type": "get_attr",
                "value": "sensitive_content"
              }
            ]
          ]
        }
      ]
    },
    {
      "mode": "managed",
      "type": "local_sensitive_file",
      "name": "tf_example_2",
      "provider": "provider[\"registry.terraform.io/hashicorp/local\"]",
      "instances": [
        {
          "schema_version": 0,
          "attributes": {
            "content": "This is a sensitive file",
            "content_base64": null,
            "content_base64sha256": "X2sI4dQgPWxRDbqrSLTvR16bz5xDxSUKRk9fIHsjwYg=",
            "content_base64sha512": "/4L7yzPtSWMNaloUiLiUb5x7TiUEE57v59kFeuE04N71Yb866LsWeyQ4llO5B/cRFZIqTn7bBk5ht4+q6EncQQ==",
            "content_md5": "fb2bb37b455434da2aca93d1aa6b4834",
            "content_sha1": "d1605e37fc89d7e904e0bb94a562e8ea463334ac",
            "content_sha256": "5f6b08e1d4203d6c510dbaab48b4ef475e9bcf9c43c5250a464f5f207b23c188",
            "content_sha512": "ff82fbcb33ed49630d6a5a1488b8946f9c7b4e2504139eefe7d9057ae134e0def561bf3ae8bb167b24389653b907f71115922a4e7edb064e61b78faae849dc41",
            "directory_permission": "0700",
            "file_permission": "0700",
            "filename": "./sensitive.txt",
            "id": "d1605e37fc89d7e904e0bb94a562e8ea463334ac",
            "source": null
          },
          "sensitive_attributes": [
            [
              {
                "type": "get_attr",
                "value": "content"
              }
            ],
            [
              {
                "type": "get_attr",
                "value": "content_base64"
              }
            ]
          ]
        }
      ]
    }
  ],
  "check_results": null
}
